// !$*UTF8*$!
{
	archiveVersion = 1;
	classes = {
	};
	objectVersion = 50;
	objects = {

/* Begin PBXBuildFile section */
		D75D1AF823B7A3F100400225 /* AppDelegate.swift in Sources */ = {isa = PBXBuildFile; fileRef = D75D1AF723B7A3F100400225 /* AppDelegate.swift */; };
		D75D1AFA23B7A3F100400225 /* SceneDelegate.swift in Sources */ = {isa = PBXBuildFile; fileRef = D75D1AF923B7A3F100400225 /* SceneDelegate.swift */; };
		D75D1AFF23B7A3F100400225 /* Main.storyboard in Resources */ = {isa = PBXBuildFile; fileRef = D75D1AFD23B7A3F100400225 /* Main.storyboard */; };
		D75D1B0123B7A3F500400225 /* Assets.xcassets in Resources */ = {isa = PBXBuildFile; fileRef = D75D1B0023B7A3F500400225 /* Assets.xcassets */; };
		D75D1B0423B7A3F500400225 /* LaunchScreen.storyboard in Resources */ = {isa = PBXBuildFile; fileRef = D75D1B0223B7A3F500400225 /* LaunchScreen.storyboard */; };
		D75D1B0C23B7A50800400225 /* TableViewController.swift in Sources */ = {isa = PBXBuildFile; fileRef = D75D1B0B23B7A50800400225 /* TableViewController.swift */; };
		D75D1B0E23B7A8E100400225 /* Profile.swift in Sources */ = {isa = PBXBuildFile; fileRef = D75D1B0D23B7A8E100400225 /* Profile.swift */; };
		D75D1B1023B7BF0500400225 /* TableViewCell.swift in Sources */ = {isa = PBXBuildFile; fileRef = D75D1B0F23B7BF0500400225 /* TableViewCell.swift */; };
		D75D1B1423B8558D00400225 /* ViewModel.swift in Sources */ = {isa = PBXBuildFile; fileRef = D75D1B1323B8558C00400225 /* ViewModel.swift */; };
		D75D1B1623B8560D00400225 /* TableViewModelType.swift in Sources */ = {isa = PBXBuildFile; fileRef = D75D1B1523B8560D00400225 /* TableViewModelType.swift */; };
		D75D1B1A23B86B7900400225 /* TableViewCellViewModelType.swift in Sources */ = {isa = PBXBuildFile; fileRef = D75D1B1923B86B7900400225 /* TableViewCellViewModelType.swift */; };
		D75D1B1C23B8739300400225 /* TableViewCellViewModel.swift in Sources */ = {isa = PBXBuildFile; fileRef = D75D1B1B23B8739300400225 /* TableViewCellViewModel.swift */; };
		D7611DE523B890390063E4B3 /* DetailViewController.swift in Sources */ = {isa = PBXBuildFile; fileRef = D7611DE423B890390063E4B3 /* DetailViewController.swift */; };
		D7611DE723B890D80063E4B3 /* DetailViewModelType.swift in Sources */ = {isa = PBXBuildFile; fileRef = D7611DE623B890D80063E4B3 /* DetailViewModelType.swift */; };
		D7611DE923B890FE0063E4B3 /* DetailViewModel.swift in Sources */ = {isa = PBXBuildFile; fileRef = D7611DE823B890FE0063E4B3 /* DetailViewModel.swift */; };
		D7B5BC9123BA82B900EEDE19 /* Box.swift in Sources */ = {isa = PBXBuildFile; fileRef = D7B5BC9023BA82B900EEDE19 /* Box.swift */; };
/* End PBXBuildFile section */

/* Begin PBXFileReference section */
		D75D1AF423B7A3F100400225 /* MVVM-2.app */ = {isa = PBXFileReference; explicitFileType = wrapper.application; includeInIndex = 0; path = "MVVM-2.app"; sourceTree = BUILT_PRODUCTS_DIR; };
		D75D1AF723B7A3F100400225 /* AppDelegate.swift */ = {isa = PBXFileReference; lastKnownFileType = sourcecode.swift; path = AppDelegate.swift; sourceTree = "<group>"; };
		D75D1AF923B7A3F100400225 /* SceneDelegate.swift */ = {isa = PBXFileReference; lastKnownFileType = sourcecode.swift; path = SceneDelegate.swift; sourceTree = "<group>"; };
		D75D1AFE23B7A3F100400225 /* Base */ = {isa = PBXFileReference; lastKnownFileType = file.storyboard; name = Base; path = Base.lproj/Main.storyboard; sourceTree = "<group>"; };
		D75D1B0023B7A3F500400225 /* Assets.xcassets */ = {isa = PBXFileReference; lastKnownFileType = folder.assetcatalog; path = Assets.xcassets; sourceTree = "<group>"; };
		D75D1B0323B7A3F500400225 /* Base */ = {isa = PBXFileReference; lastKnownFileType = file.storyboard; name = Base; path = Base.lproj/LaunchScreen.storyboard; sourceTree = "<group>"; };
		D75D1B0523B7A3F500400225 /* Info.plist */ = {isa = PBXFileReference; lastKnownFileType = text.plist.xml; path = Info.plist; sourceTree = "<group>"; };
		D75D1B0B23B7A50800400225 /* TableViewController.swift */ = {isa = PBXFileReference; lastKnownFileType = sourcecode.swift; path = TableViewController.swift; sourceTree = "<group>"; };
		D75D1B0D23B7A8E100400225 /* Profile.swift */ = {isa = PBXFileReference; lastKnownFileType = sourcecode.swift; path = Profile.swift; sourceTree = "<group>"; };
		D75D1B0F23B7BF0500400225 /* TableViewCell.swift */ = {isa = PBXFileReference; lastKnownFileType = sourcecode.swift; path = TableViewCell.swift; sourceTree = "<group>"; };
		D75D1B1323B8558C00400225 /* ViewModel.swift */ = {isa = PBXFileReference; lastKnownFileType = sourcecode.swift; path = ViewModel.swift; sourceTree = "<group>"; };
		D75D1B1523B8560D00400225 /* TableViewModelType.swift */ = {isa = PBXFileReference; lastKnownFileType = sourcecode.swift; path = TableViewModelType.swift; sourceTree = "<group>"; };
		D75D1B1923B86B7900400225 /* TableViewCellViewModelType.swift */ = {isa = PBXFileReference; lastKnownFileType = sourcecode.swift; path = TableViewCellViewModelType.swift; sourceTree = "<group>"; };
		D75D1B1B23B8739300400225 /* TableViewCellViewModel.swift */ = {isa = PBXFileReference; lastKnownFileType = sourcecode.swift; path = TableViewCellViewModel.swift; sourceTree = "<group>"; };
		D7611DE423B890390063E4B3 /* DetailViewController.swift */ = {isa = PBXFileReference; lastKnownFileType = sourcecode.swift; path = DetailViewController.swift; sourceTree = "<group>"; };
		D7611DE623B890D80063E4B3 /* DetailViewModelType.swift */ = {isa = PBXFileReference; lastKnownFileType = sourcecode.swift; path = DetailViewModelType.swift; sourceTree = "<group>"; };
		D7611DE823B890FE0063E4B3 /* DetailViewModel.swift */ = {isa = PBXFileReference; lastKnownFileType = sourcecode.swift; path = DetailViewModel.swift; sourceTree = "<group>"; };
		D7B5BC9023BA82B900EEDE19 /* Box.swift */ = {isa = PBXFileReference; lastKnownFileType = sourcecode.swift; path = Box.swift; sourceTree = "<group>"; };
/* End PBXFileReference section */

/* Begin PBXFrameworksBuildPhase section */
		D75D1AF123B7A3F100400225 /* Frameworks */ = {
			isa = PBXFrameworksBuildPhase;
			buildActionMask = 2147483647;
			files = (
			);
			runOnlyForDeploymentPostprocessing = 0;
		};
/* End PBXFrameworksBuildPhase section */

/* Begin PBXGroup section */
		D75D1AEB23B7A3F100400225 = {
			isa = PBXGroup;
			children = (
				D75D1AF623B7A3F100400225 /* MVVM-2 */,
				D75D1AF523B7A3F100400225 /* Products */,
			);
			sourceTree = "<group>";
		};
		D75D1AF523B7A3F100400225 /* Products */ = {
			isa = PBXGroup;
			children = (
				D75D1AF423B7A3F100400225 /* MVVM-2.app */,
			);
			name = Products;
			sourceTree = "<group>";
		};
		D75D1AF623B7A3F100400225 /* MVVM-2 */ = {
			isa = PBXGroup;
			children = (
				D75D1AF723B7A3F100400225 /* AppDelegate.swift */,
				D75D1AF923B7A3F100400225 /* SceneDelegate.swift */,
				D7B5BC9023BA82B900EEDE19 /* Box.swift */,
				D75D1B1123B7C03A00400225 /* Model */,
				D75D1B1223B7C04C00400225 /* View */,
				D75D1B1823B8591500400225 /* ViewModel */,
				D75D1B1723B8590800400225 /* Protocols */,
				D75D1AFD23B7A3F100400225 /* Main.storyboard */,
				D75D1B0023B7A3F500400225 /* Assets.xcassets */,
				D75D1B0223B7A3F500400225 /* LaunchScreen.storyboard */,
				D75D1B0523B7A3F500400225 /* Info.plist */,
			);
			path = "MVVM-2";
			sourceTree = "<group>";
		};
		D75D1B1123B7C03A00400225 /* Model */ = {
			isa = PBXGroup;
			children = (
				D75D1B0D23B7A8E100400225 /* Profile.swift */,
			);
			path = Model;
			sourceTree = "<group>";
		};
		D75D1B1223B7C04C00400225 /* View */ = {
			isa = PBXGroup;
			children = (
				D75D1B0F23B7BF0500400225 /* TableViewCell.swift */,
				D7611DE423B890390063E4B3 /* DetailViewController.swift */,
				D75D1B0B23B7A50800400225 /* TableViewController.swift */,
			);
			path = View;
			sourceTree = "<group>";
		};
		D75D1B1723B8590800400225 /* Protocols */ = {
			isa = PBXGroup;
			children = (
				D75D1B1523B8560D00400225 /* TableViewModelType.swift */,
				D7611DE623B890D80063E4B3 /* DetailViewModelType.swift */,
				D75D1B1923B86B7900400225 /* TableViewCellViewModelType.swift */,
			);
			path = Protocols;
			sourceTree = "<group>";
		};
		D75D1B1823B8591500400225 /* ViewModel */ = {
			isa = PBXGroup;
			children = (
				D75D1B1323B8558C00400225 /* ViewModel.swift */,
				D7611DE823B890FE0063E4B3 /* DetailViewModel.swift */,
				D75D1B1B23B8739300400225 /* TableViewCellViewModel.swift */,
			);
			path = ViewModel;
			sourceTree = "<group>";
		};
/* End PBXGroup section */

/* Begin PBXNativeTarget section */
		D75D1AF323B7A3F100400225 /* MVVM-2 */ = {
			isa = PBXNativeTarget;
			buildConfigurationList = D75D1B0823B7A3F500400225 /* Build configuration list for PBXNativeTarget "MVVM-2" */;
			buildPhases = (
				D75D1AF023B7A3F100400225 /* Sources */,
				D75D1AF123B7A3F100400225 /* Frameworks */,
				D75D1AF223B7A3F100400225 /* Resources */,
			);
			buildRules = (
			);
			dependencies = (
			);
			name = "MVVM-2";
			productName = "MVVM-2";
			productReference = D75D1AF423B7A3F100400225 /* MVVM-2.app */;
			productType = "com.apple.product-type.application";
		};
/* End PBXNativeTarget section */

/* Begin PBXProject section */
		D75D1AEC23B7A3F100400225 /* Project object */ = {
			isa = PBXProject;
			attributes = {
				LastSwiftUpdateCheck = 1110;
				LastUpgradeCheck = 1110;
				ORGANIZATIONNAME = wtildestar;
				TargetAttributes = {
					D75D1AF323B7A3F100400225 = {
						CreatedOnToolsVersion = 11.1;
					};
				};
			};
			buildConfigurationList = D75D1AEF23B7A3F100400225 /* Build configuration list for PBXProject "MVVM-2" */;
			compatibilityVersion = "Xcode 9.3";
			developmentRegion = en;
			hasScannedForEncodings = 0;
			knownRegions = (
				en,
				Base,
			);
			mainGroup = D75D1AEB23B7A3F100400225;
			productRefGroup = D75D1AF523B7A3F100400225 /* Products */;
			projectDirPath = "";
			projectRoot = "";
			targets = (
				D75D1AF323B7A3F100400225 /* MVVM-2 */,
			);
		};
/* End PBXProject section */

/* Begin PBXResourcesBuildPhase section */
		D75D1AF223B7A3F100400225 /* Resources */ = {
			isa = PBXResourcesBuildPhase;
			buildActionMask = 2147483647;
			files = (
				D75D1B0423B7A3F500400225 /* LaunchScreen.storyboard in Resources */,
				D75D1B0123B7A3F500400225 /* Assets.xcassets in Resources */,
				D75D1AFF23B7A3F100400225 /* Main.storyboard in Resources */,
			);
			runOnlyForDeploymentPostprocessing = 0;
		};
/* End PBXResourcesBuildPhase section */

/* Begin PBXSourcesBuildPhase section */
		D75D1AF023B7A3F100400225 /* Sources */ = {
			isa = PBXSourcesBuildPhase;
			buildActionMask = 2147483647;
			files = (
				D75D1B1A23B86B7900400225 /* TableViewCellViewModelType.swift in Sources */,
				D75D1B1023B7BF0500400225 /* TableViewCell.swift in Sources */,
				D75D1AF823B7A3F100400225 /* AppDelegate.swift in Sources */,
				D75D1B0E23B7A8E100400225 /* Profile.swift in Sources */,
				D75D1B0C23B7A50800400225 /* TableViewController.swift in Sources */,
				D75D1B1623B8560D00400225 /* TableViewModelType.swift in Sources */,
				D7B5BC9123BA82B900EEDE19 /* Box.swift in Sources */,
				D7611DE723B890D80063E4B3 /* DetailViewModelType.swift in Sources */,
				D7611DE923B890FE0063E4B3 /* DetailViewModel.swift in Sources */,
				D75D1B1C23B8739300400225 /* TableViewCellViewModel.swift in Sources */,
				D7611DE523B890390063E4B3 /* DetailViewController.swift in Sources */,
				D75D1B1423B8558D00400225 /* ViewModel.swift in Sources */,
				D75D1AFA23B7A3F100400225 /* SceneDelegate.swift in Sources */,
			);
			runOnlyForDeploymentPostprocessing = 0;
		};
/* End PBXSourcesBuildPhase section */

/* Begin PBXVariantGroup section */
		D75D1AFD23B7A3F100400225 /* Main.storyboard */ = {
			isa = PBXVariantGroup;
			children = (
				D75D1AFE23B7A3F100400225 /* Base */,
			);
			name = Main.storyboard;
			sourceTree = "<group>";
		};
		D75D1B0223B7A3F500400225 /* LaunchScreen.storyboard */ = {
			isa = PBXVariantGroup;
			children = (
				D75D1B0323B7A3F500400225 /* Base */,
			);
			name = LaunchScreen.storyboard;
			sourceTree = "<group>";
		};
/* End PBXVariantGroup section */

/* Begin XCBuildConfiguration section */
		D75D1B0623B7A3F500400225 /* Debug */ = {
			isa = XCBuildConfiguration;
			buildSettings = {
				ALWAYS_SEARCH_USER_PATHS = NO;
				CLANG_ANALYZER_NONNULL = YES;
				CLANG_ANALYZER_NUMBER_OBJECT_CONVERSION = YES_AGGRESSIVE;
				CLANG_CXX_LANGUAGE_STANDARD = "gnu++14";
				CLANG_CXX_LIBRARY = "libc++";
				CLANG_ENABLE_MODULES = YES;
				CLANG_ENABLE_OBJC_ARC = YES;
				CLANG_ENABLE_OBJC_WEAK = YES;
				CLANG_WARN_BLOCK_CAPTURE_AUTORELEASING = YES;
				CLANG_WARN_BOOL_CONVERSION = YES;
				CLANG_WARN_COMMA = YES;
				CLANG_WARN_CONSTANT_CONVERSION = YES;
				CLANG_WARN_DEPRECATED_OBJC_IMPLEMENTATIONS = YES;
				CLANG_WARN_DIRECT_OBJC_ISA_USAGE = YES_ERROR;
				CLANG_WARN_DOCUMENTATION_COMMENTS = YES;
				CLANG_WARN_EMPTY_BODY = YES;
				CLANG_WARN_ENUM_CONVERSION = YES;
				CLANG_WARN_INFINITE_RECURSION = YES;
				CLANG_WARN_INT_CONVERSION = YES;
				CLANG_WARN_NON_LITERAL_NULL_CONVERSION = YES;
				CLANG_WARN_OBJC_IMPLICIT_RETAIN_SELF = YES;
				CLANG_WARN_OBJC_LITERAL_CONVERSION = YES;
				CLANG_WARN_OBJC_ROOT_CLASS = YES_ERROR;
				CLANG_WARN_RANGE_LOOP_ANALYSIS = YES;
				CLANG_WARN_STRICT_PROTOTYPES = YES;
				CLANG_WARN_SUSPICIOUS_MOVE = YES;
				CLANG_WARN_UNGUARDED_AVAILABILITY = YES_AGGRESSIVE;
				CLANG_WARN_UNREACHABLE_CODE = YES;
				CLANG_WARN__DUPLICATE_METHOD_MATCH = YES;
				COPY_PHASE_STRIP = NO;
				DEBUG_INFORMATION_FORMAT = dwarf;
				ENABLE_STRICT_OBJC_MSGSEND = YES;
				ENABLE_TESTABILITY = YES;
				GCC_C_LANGUAGE_STANDARD = gnu11;
				GCC_DYNAMIC_NO_PIC = NO;
				GCC_NO_COMMON_BLOCKS = YES;
				GCC_OPTIMIZATION_LEVEL = 0;
				GCC_PREPROCESSOR_DEFINITIONS = (
					"DEBUG=1",
					"$(inherited)",
				);
				GCC_WARN_64_TO_32_BIT_CONVERSION = YES;
				GCC_WARN_ABOUT_RETURN_TYPE = YES_ERROR;
				GCC_WARN_UNDECLARED_SELECTOR = YES;
				GCC_WARN_UNINITIALIZED_AUTOS = YES_AGGRESSIVE;
				GCC_WARN_UNUSED_FUNCTION = YES;
				GCC_WARN_UNUSED_VARIABLE = YES;
				IPHONEOS_DEPLOYMENT_TARGET = 13.1;
				MTL_ENABLE_DEBUG_INFO = INCLUDE_SOURCE;
				MTL_FAST_MATH = YES;
				ONLY_ACTIVE_ARCH = YES;
				SDKROOT = iphoneos;
				SWIFT_ACTIVE_COMPILATION_CONDITIONS = DEBUG;
				SWIFT_OPTIMIZATION_LEVEL = "-Onone";
			};
			name = Debug;
		};
		D75D1B0723B7A3F500400225 /* Release */ = {
			isa = XCBuildConfiguration;
			buildSettings = {
				ALWAYS_SEARCH_USER_PATHS = NO;
				CLANG_ANALYZER_NONNULL = YES;
				CLANG_ANALYZER_NUMBER_OBJECT_CONVERSION = YES_AGGRESSIVE;
				CLANG_CXX_LANGUAGE_STANDARD = "gnu++14";
				CLANG_CXX_LIBRARY = "libc++";
				CLANG_ENABLE_MODULES = YES;
				CLANG_ENABLE_OBJC_ARC = YES;
				CLANG_ENABLE_OBJC_WEAK = YES;
				CLANG_WARN_BLOCK_CAPTURE_AUTORELEASING = YES;
				CLANG_WARN_BOOL_CONVERSION = YES;
				CLANG_WARN_COMMA = YES;
				CLANG_WARN_CONSTANT_CONVERSION = YES;
				CLANG_WARN_DEPRECATED_OBJC_IMPLEMENTATIONS = YES;
				CLANG_WARN_DIRECT_OBJC_ISA_USAGE = YES_ERROR;
				CLANG_WARN_DOCUMENTATION_COMMENTS = YES;
				CLANG_WARN_EMPTY_BODY = YES;
				CLANG_WARN_ENUM_CONVERSION = YES;
				CLANG_WARN_INFINITE_RECURSION = YES;
				CLANG_WARN_INT_CONVERSION = YES;
				CLANG_WARN_NON_LITERAL_NULL_CONVERSION = YES;
				CLANG_WARN_OBJC_IMPLICIT_RETAIN_SELF = YES;
				CLANG_WARN_OBJC_LITERAL_CONVERSION = YES;
				CLANG_WARN_OBJC_ROOT_CLASS = YES_ERROR;
				CLANG_WARN_RANGE_LOOP_ANALYSIS = YES;
				CLANG_WARN_STRICT_PROTOTYPES = YES;
				CLANG_WARN_SUSPICIOUS_MOVE = YES;
				CLANG_WARN_UNGUARDED_AVAILABILITY = YES_AGGRESSIVE;
				CLANG_WARN_UNREACHABLE_CODE = YES;
				CLANG_WARN__DUPLICATE_METHOD_MATCH = YES;
				COPY_PHASE_STRIP = NO;
				DEBUG_INFORMATION_FORMAT = "dwarf-with-dsym";
				ENABLE_NS_ASSERTIONS = NO;
				ENABLE_STRICT_OBJC_MSGSEND = YES;
				GCC_C_LANGUAGE_STANDARD = gnu11;
				GCC_NO_COMMON_BLOCKS = YES;
				GCC_WARN_64_TO_32_BIT_CONVERSION = YES;
				GCC_WARN_ABOUT_RETURN_TYPE = YES_ERROR;
				GCC_WARN_UNDECLARED_SELECTOR = YES;
				GCC_WARN_UNINITIALIZED_AUTOS = YES_AGGRESSIVE;
				GCC_WARN_UNUSED_FUNCTION = YES;
				GCC_WARN_UNUSED_VARIABLE = YES;
				IPHONEOS_DEPLOYMENT_TARGET = 13.1;
				MTL_ENABLE_DEBUG_INFO = NO;
				MTL_FAST_MATH = YES;
				SDKROOT = iphoneos;
				SWIFT_COMPILATION_MODE = wholemodule;
				SWIFT_OPTIMIZATION_LEVEL = "-O";
				VALIDATE_PRODUCT = YES;
			};
			name = Release;
		};
		D75D1B0923B7A3F500400225 /* Debug */ = {
			isa = XCBuildConfiguration;
			buildSettings = {
				ASSETCATALOG_COMPILER_APPICON_NAME = AppIcon;
				CODE_SIGN_STYLE = Automatic;
				INFOPLIST_FILE = "MVVM-2/Info.plist";
				LD_RUNPATH_SEARCH_PATHS = (
					"$(inherited)",
					"@executable_path/Frameworks",
				);
				PRODUCT_BUNDLE_IDENTIFIER = "com.wtildestar.MVVM-2";
				PRODUCT_NAME = "$(TARGET_NAME)";
				SWIFT_VERSION = 5.0;
				TARGETED_DEVICE_FAMILY = "1,2";
			};
			name = Debug;
		};
		D75D1B0A23B7A3F500400225 /* Release */ = {
			isa = XCBuildConfiguration;
			buildSettings = {
				ASSETCATALOG_COMPILER_APPICON_NAME = AppIcon;
				CODE_SIGN_STYLE = Automatic;
				INFOPLIST_FILE = "MVVM-2/Info.plist";
				LD_RUNPATH_SEARCH_PATHS = (
					"$(inherited)",
					"@executable_path/Frameworks",
				);
				PRODUCT_BUNDLE_IDENTIFIER = "com.wtildestar.MVVM-2";
				PRODUCT_NAME = "$(TARGET_NAME)";
				SWIFT_VERSION = 5.0;
				TARGETED_DEVICE_FAMILY = "1,2";
			};
			name = Release;
		};
/* End XCBuildConfiguration section */

/* Begin XCConfigurationList section */
		D75D1AEF23B7A3F100400225 /* Build configuration list for PBXProject "MVVM-2" */ = {
			isa = XCConfigurationList;
			buildConfigurations = (
				D75D1B0623B7A3F500400225 /* Debug */,
				D75D1B0723B7A3F500400225 /* Release */,
			);
			defaultConfigurationIsVisible = 0;
			defaultConfigurationName = Release;
		};
		D75D1B0823B7A3F500400225 /* Build configuration list for PBXNativeTarget "MVVM-2" */ = {
			isa = XCConfigurationList;
			buildConfigurations = (
				D75D1B0923B7A3F500400225 /* Debug */,
				D75D1B0A23B7A3F500400225 /* Release */,
			);
			defaultConfigurationIsVisible = 0;
			defaultConfigurationName = Release;
		};
/* End XCConfigurationList section */
	};
	rootObject = D75D1AEC23B7A3F100400225 /* Project object */;
}
