// !$*UTF8*$!
{
	archiveVersion = 1;
	classes = {
	};
	objectVersion = 50;
	objects = {

/* Begin PBXBuildFile section */
		D70A5D6223BB18B8006904A9 /* AppDelegate.swift in Sources */ = {isa = PBXBuildFile; fileRef = D70A5D6123BB18B8006904A9 /* AppDelegate.swift */; };
		D70A5D6423BB18B8006904A9 /* SceneDelegate.swift in Sources */ = {isa = PBXBuildFile; fileRef = D70A5D6323BB18B8006904A9 /* SceneDelegate.swift */; };
		D70A5D6623BB18B8006904A9 /* TableViewController.swift in Sources */ = {isa = PBXBuildFile; fileRef = D70A5D6523BB18B8006904A9 /* TableViewController.swift */; };
		D70A5D6923BB18B8006904A9 /* Main.storyboard in Resources */ = {isa = PBXBuildFile; fileRef = D70A5D6723BB18B8006904A9 /* Main.storyboard */; };
		D70A5D6B23BB18BA006904A9 /* Assets.xcassets in Resources */ = {isa = PBXBuildFile; fileRef = D70A5D6A23BB18BA006904A9 /* Assets.xcassets */; };
		D70A5D6E23BB18BA006904A9 /* LaunchScreen.storyboard in Resources */ = {isa = PBXBuildFile; fileRef = D70A5D6C23BB18BA006904A9 /* LaunchScreen.storyboard */; };
		D70A5D7623BB1A26006904A9 /* ViewModel.swift in Sources */ = {isa = PBXBuildFile; fileRef = D70A5D7523BB1A26006904A9 /* ViewModel.swift */; };
		D70A5D7823BB1B07006904A9 /* NetworkManager.swift in Sources */ = {isa = PBXBuildFile; fileRef = D70A5D7723BB1B07006904A9 /* NetworkManager.swift */; };
/* End PBXBuildFile section */

/* Begin PBXFileReference section */
		D70A5D5E23BB18B8006904A9 /* MVVM-3.app */ = {isa = PBXFileReference; explicitFileType = wrapper.application; includeInIndex = 0; path = "MVVM-3.app"; sourceTree = BUILT_PRODUCTS_DIR; };
		D70A5D6123BB18B8006904A9 /* AppDelegate.swift */ = {isa = PBXFileReference; lastKnownFileType = sourcecode.swift; path = AppDelegate.swift; sourceTree = "<group>"; };
		D70A5D6323BB18B8006904A9 /* SceneDelegate.swift */ = {isa = PBXFileReference; lastKnownFileType = sourcecode.swift; path = SceneDelegate.swift; sourceTree = "<group>"; };
		D70A5D6523BB18B8006904A9 /* TableViewController.swift */ = {isa = PBXFileReference; lastKnownFileType = sourcecode.swift; path = TableViewController.swift; sourceTree = "<group>"; };
		D70A5D6823BB18B8006904A9 /* Base */ = {isa = PBXFileReference; lastKnownFileType = file.storyboard; name = Base; path = Base.lproj/Main.storyboard; sourceTree = "<group>"; };
		D70A5D6A23BB18BA006904A9 /* Assets.xcassets */ = {isa = PBXFileReference; lastKnownFileType = folder.assetcatalog; path = Assets.xcassets; sourceTree = "<group>"; };
		D70A5D6D23BB18BA006904A9 /* Base */ = {isa = PBXFileReference; lastKnownFileType = file.storyboard; name = Base; path = Base.lproj/LaunchScreen.storyboard; sourceTree = "<group>"; };
		D70A5D6F23BB18BA006904A9 /* Info.plist */ = {isa = PBXFileReference; lastKnownFileType = text.plist.xml; path = Info.plist; sourceTree = "<group>"; };
		D70A5D7523BB1A26006904A9 /* ViewModel.swift */ = {isa = PBXFileReference; lastKnownFileType = sourcecode.swift; path = ViewModel.swift; sourceTree = "<group>"; };
		D70A5D7723BB1B07006904A9 /* NetworkManager.swift */ = {isa = PBXFileReference; lastKnownFileType = sourcecode.swift; path = NetworkManager.swift; sourceTree = "<group>"; };
/* End PBXFileReference section */

/* Begin PBXFrameworksBuildPhase section */
		D70A5D5B23BB18B8006904A9 /* Frameworks */ = {
			isa = PBXFrameworksBuildPhase;
			buildActionMask = 2147483647;
			files = (
			);
			runOnlyForDeploymentPostprocessing = 0;
		};
/* End PBXFrameworksBuildPhase section */

/* Begin PBXGroup section */
		D70A5D5523BB18B8006904A9 = {
			isa = PBXGroup;
			children = (
				D70A5D6023BB18B8006904A9 /* MVVM-3 */,
				D70A5D5F23BB18B8006904A9 /* Products */,
			);
			sourceTree = "<group>";
		};
		D70A5D5F23BB18B8006904A9 /* Products */ = {
			isa = PBXGroup;
			children = (
				D70A5D5E23BB18B8006904A9 /* MVVM-3.app */,
			);
			name = Products;
			sourceTree = "<group>";
		};
		D70A5D6023BB18B8006904A9 /* MVVM-3 */ = {
			isa = PBXGroup;
			children = (
				D70A5D6123BB18B8006904A9 /* AppDelegate.swift */,
				D70A5D6323BB18B8006904A9 /* SceneDelegate.swift */,
				D70A5D6523BB18B8006904A9 /* TableViewController.swift */,
				D70A5D7523BB1A26006904A9 /* ViewModel.swift */,
				D70A5D7723BB1B07006904A9 /* NetworkManager.swift */,
				D70A5D6723BB18B8006904A9 /* Main.storyboard */,
				D70A5D6A23BB18BA006904A9 /* Assets.xcassets */,
				D70A5D6C23BB18BA006904A9 /* LaunchScreen.storyboard */,
				D70A5D6F23BB18BA006904A9 /* Info.plist */,
			);
			path = "MVVM-3";
			sourceTree = "<group>";
		};
/* End PBXGroup section */

/* Begin PBXNativeTarget section */
		D70A5D5D23BB18B8006904A9 /* MVVM-3 */ = {
			isa = PBXNativeTarget;
			buildConfigurationList = D70A5D7223BB18BA006904A9 /* Build configuration list for PBXNativeTarget "MVVM-3" */;
			buildPhases = (
				D70A5D5A23BB18B8006904A9 /* Sources */,
				D70A5D5B23BB18B8006904A9 /* Frameworks */,
				D70A5D5C23BB18B8006904A9 /* Resources */,
			);
			buildRules = (
			);
			dependencies = (
			);
			name = "MVVM-3";
			productName = "MVVM-3";
			productReference = D70A5D5E23BB18B8006904A9 /* MVVM-3.app */;
			productType = "com.apple.product-type.application";
		};
/* End PBXNativeTarget section */

/* Begin PBXProject section */
		D70A5D5623BB18B8006904A9 /* Project object */ = {
			isa = PBXProject;
			attributes = {
				LastSwiftUpdateCheck = 1110;
				LastUpgradeCheck = 1110;
				ORGANIZATIONNAME = wtildestar;
				TargetAttributes = {
					D70A5D5D23BB18B8006904A9 = {
						CreatedOnToolsVersion = 11.1;
					};
				};
			};
			buildConfigurationList = D70A5D5923BB18B8006904A9 /* Build configuration list for PBXProject "MVVM-3" */;
			compatibilityVersion = "Xcode 9.3";
			developmentRegion = en;
			hasScannedForEncodings = 0;
			knownRegions = (
				en,
				Base,
			);
			mainGroup = D70A5D5523BB18B8006904A9;
			productRefGroup = D70A5D5F23BB18B8006904A9 /* Products */;
			projectDirPath = "";
			projectRoot = "";
			targets = (
				D70A5D5D23BB18B8006904A9 /* MVVM-3 */,
			);
		};
/* End PBXProject section */

/* Begin PBXResourcesBuildPhase section */
		D70A5D5C23BB18B8006904A9 /* Resources */ = {
			isa = PBXResourcesBuildPhase;
			buildActionMask = 2147483647;
			files = (
				D70A5D6E23BB18BA006904A9 /* LaunchScreen.storyboard in Resources */,
				D70A5D6B23BB18BA006904A9 /* Assets.xcassets in Resources */,
				D70A5D6923BB18B8006904A9 /* Main.storyboard in Resources */,
			);
			runOnlyForDeploymentPostprocessing = 0;
		};
/* End PBXResourcesBuildPhase section */

/* Begin PBXSourcesBuildPhase section */
		D70A5D5A23BB18B8006904A9 /* Sources */ = {
			isa = PBXSourcesBuildPhase;
			buildActionMask = 2147483647;
			files = (
				D70A5D6623BB18B8006904A9 /* TableViewController.swift in Sources */,
				D70A5D6223BB18B8006904A9 /* AppDelegate.swift in Sources */,
				D70A5D7823BB1B07006904A9 /* NetworkManager.swift in Sources */,
				D70A5D7623BB1A26006904A9 /* ViewModel.swift in Sources */,
				D70A5D6423BB18B8006904A9 /* SceneDelegate.swift in Sources */,
			);
			runOnlyForDeploymentPostprocessing = 0;
		};
/* End PBXSourcesBuildPhase section */

/* Begin PBXVariantGroup section */
		D70A5D6723BB18B8006904A9 /* Main.storyboard */ = {
			isa = PBXVariantGroup;
			children = (
				D70A5D6823BB18B8006904A9 /* Base */,
			);
			name = Main.storyboard;
			sourceTree = "<group>";
		};
		D70A5D6C23BB18BA006904A9 /* LaunchScreen.storyboard */ = {
			isa = PBXVariantGroup;
			children = (
				D70A5D6D23BB18BA006904A9 /* Base */,
			);
			name = LaunchScreen.storyboard;
			sourceTree = "<group>";
		};
/* End PBXVariantGroup section */

/* Begin XCBuildConfiguration section */
		D70A5D7023BB18BA006904A9 /* Debug */ = {
			isa = XCBuildConfiguration;
			buildSettings = {
				ALWAYS_SEARCH_USER_PATHS = NO;
				CLANG_ANALYZER_NONNULL = YES;
				CLANG_ANALYZER_NUMBER_OBJECT_CONVERSION = YES_AGGRESSIVE;
				CLANG_CXX_LANGUAGE_STANDARD = "gnu++14";
				CLANG_CXX_LIBRARY = "libc++";
				CLANG_ENABLE_MODULES = YES;
				CLANG_ENABLE_OBJC_ARC = YES;
				CLANG_ENABLE_OBJC_WEAK = YES;
				CLANG_WARN_BLOCK_CAPTURE_AUTORELEASING = YES;
				CLANG_WARN_BOOL_CONVERSION = YES;
				CLANG_WARN_COMMA = YES;
				CLANG_WARN_CONSTANT_CONVERSION = YES;
				CLANG_WARN_DEPRECATED_OBJC_IMPLEMENTATIONS = YES;
				CLANG_WARN_DIRECT_OBJC_ISA_USAGE = YES_ERROR;
				CLANG_WARN_DOCUMENTATION_COMMENTS = YES;
				CLANG_WARN_EMPTY_BODY = YES;
				CLANG_WARN_ENUM_CONVERSION = YES;
				CLANG_WARN_INFINITE_RECURSION = YES;
				CLANG_WARN_INT_CONVERSION = YES;
				CLANG_WARN_NON_LITERAL_NULL_CONVERSION = YES;
				CLANG_WARN_OBJC_IMPLICIT_RETAIN_SELF = YES;
				CLANG_WARN_OBJC_LITERAL_CONVERSION = YES;
				CLANG_WARN_OBJC_ROOT_CLASS = YES_ERROR;
				CLANG_WARN_RANGE_LOOP_ANALYSIS = YES;
				CLANG_WARN_STRICT_PROTOTYPES = YES;
				CLANG_WARN_SUSPICIOUS_MOVE = YES;
				CLANG_WARN_UNGUARDED_AVAILABILITY = YES_AGGRESSIVE;
				CLANG_WARN_UNREACHABLE_CODE = YES;
				CLANG_WARN__DUPLICATE_METHOD_MATCH = YES;
				COPY_PHASE_STRIP = NO;
				DEBUG_INFORMATION_FORMAT = dwarf;
				ENABLE_STRICT_OBJC_MSGSEND = YES;
				ENABLE_TESTABILITY = YES;
				GCC_C_LANGUAGE_STANDARD = gnu11;
				GCC_DYNAMIC_NO_PIC = NO;
				GCC_NO_COMMON_BLOCKS = YES;
				GCC_OPTIMIZATION_LEVEL = 0;
				GCC_PREPROCESSOR_DEFINITIONS = (
					"DEBUG=1",
					"$(inherited)",
				);
				GCC_WARN_64_TO_32_BIT_CONVERSION = YES;
				GCC_WARN_ABOUT_RETURN_TYPE = YES_ERROR;
				GCC_WARN_UNDECLARED_SELECTOR = YES;
				GCC_WARN_UNINITIALIZED_AUTOS = YES_AGGRESSIVE;
				GCC_WARN_UNUSED_FUNCTION = YES;
				GCC_WARN_UNUSED_VARIABLE = YES;
				IPHONEOS_DEPLOYMENT_TARGET = 13.1;
				MTL_ENABLE_DEBUG_INFO = INCLUDE_SOURCE;
				MTL_FAST_MATH = YES;
				ONLY_ACTIVE_ARCH = YES;
				SDKROOT = iphoneos;
				SWIFT_ACTIVE_COMPILATION_CONDITIONS = DEBUG;
				SWIFT_OPTIMIZATION_LEVEL = "-Onone";
			};
			name = Debug;
		};
		D70A5D7123BB18BA006904A9 /* Release */ = {
			isa = XCBuildConfiguration;
			buildSettings = {
				ALWAYS_SEARCH_USER_PATHS = NO;
				CLANG_ANALYZER_NONNULL = YES;
				CLANG_ANALYZER_NUMBER_OBJECT_CONVERSION = YES_AGGRESSIVE;
				CLANG_CXX_LANGUAGE_STANDARD = "gnu++14";
				CLANG_CXX_LIBRARY = "libc++";
				CLANG_ENABLE_MODULES = YES;
				CLANG_ENABLE_OBJC_ARC = YES;
				CLANG_ENABLE_OBJC_WEAK = YES;
				CLANG_WARN_BLOCK_CAPTURE_AUTORELEASING = YES;
				CLANG_WARN_BOOL_CONVERSION = YES;
				CLANG_WARN_COMMA = YES;
				CLANG_WARN_CONSTANT_CONVERSION = YES;
				CLANG_WARN_DEPRECATED_OBJC_IMPLEMENTATIONS = YES;
				CLANG_WARN_DIRECT_OBJC_ISA_USAGE = YES_ERROR;
				CLANG_WARN_DOCUMENTATION_COMMENTS = YES;
				CLANG_WARN_EMPTY_BODY = YES;
				CLANG_WARN_ENUM_CONVERSION = YES;
				CLANG_WARN_INFINITE_RECURSION = YES;
				CLANG_WARN_INT_CONVERSION = YES;
				CLANG_WARN_NON_LITERAL_NULL_CONVERSION = YES;
				CLANG_WARN_OBJC_IMPLICIT_RETAIN_SELF = YES;
				CLANG_WARN_OBJC_LITERAL_CONVERSION = YES;
				CLANG_WARN_OBJC_ROOT_CLASS = YES_ERROR;
				CLANG_WARN_RANGE_LOOP_ANALYSIS = YES;
				CLANG_WARN_STRICT_PROTOTYPES = YES;
				CLANG_WARN_SUSPICIOUS_MOVE = YES;
				CLANG_WARN_UNGUARDED_AVAILABILITY = YES_AGGRESSIVE;
				CLANG_WARN_UNREACHABLE_CODE = YES;
				CLANG_WARN__DUPLICATE_METHOD_MATCH = YES;
				COPY_PHASE_STRIP = NO;
				DEBUG_INFORMATION_FORMAT = "dwarf-with-dsym";
				ENABLE_NS_ASSERTIONS = NO;
				ENABLE_STRICT_OBJC_MSGSEND = YES;
				GCC_C_LANGUAGE_STANDARD = gnu11;
				GCC_NO_COMMON_BLOCKS = YES;
				GCC_WARN_64_TO_32_BIT_CONVERSION = YES;
				GCC_WARN_ABOUT_RETURN_TYPE = YES_ERROR;
				GCC_WARN_UNDECLARED_SELECTOR = YES;
				GCC_WARN_UNINITIALIZED_AUTOS = YES_AGGRESSIVE;
				GCC_WARN_UNUSED_FUNCTION = YES;
				GCC_WARN_UNUSED_VARIABLE = YES;
				IPHONEOS_DEPLOYMENT_TARGET = 13.1;
				MTL_ENABLE_DEBUG_INFO = NO;
				MTL_FAST_MATH = YES;
				SDKROOT = iphoneos;
				SWIFT_COMPILATION_MODE = wholemodule;
				SWIFT_OPTIMIZATION_LEVEL = "-O";
				VALIDATE_PRODUCT = YES;
			};
			name = Release;
		};
		D70A5D7323BB18BA006904A9 /* Debug */ = {
			isa = XCBuildConfiguration;
			buildSettings = {
				ASSETCATALOG_COMPILER_APPICON_NAME = AppIcon;
				CODE_SIGN_STYLE = Automatic;
				INFOPLIST_FILE = "MVVM-3/Info.plist";
				LD_RUNPATH_SEARCH_PATHS = (
					"$(inherited)",
					"@executable_path/Frameworks",
				);
				PRODUCT_BUNDLE_IDENTIFIER = "com.wtildestar.MVVM-3";
				PRODUCT_NAME = "$(TARGET_NAME)";
				SWIFT_VERSION = 5.0;
				TARGETED_DEVICE_FAMILY = "1,2";
			};
			name = Debug;
		};
		D70A5D7423BB18BA006904A9 /* Release */ = {
			isa = XCBuildConfiguration;
			buildSettings = {
				ASSETCATALOG_COMPILER_APPICON_NAME = AppIcon;
				CODE_SIGN_STYLE = Automatic;
				INFOPLIST_FILE = "MVVM-3/Info.plist";
				LD_RUNPATH_SEARCH_PATHS = (
					"$(inherited)",
					"@executable_path/Frameworks",
				);
				PRODUCT_BUNDLE_IDENTIFIER = "com.wtildestar.MVVM-3";
				PRODUCT_NAME = "$(TARGET_NAME)";
				SWIFT_VERSION = 5.0;
				TARGETED_DEVICE_FAMILY = "1,2";
			};
			name = Release;
		};
/* End XCBuildConfiguration section */

/* Begin XCConfigurationList section */
		D70A5D5923BB18B8006904A9 /* Build configuration list for PBXProject "MVVM-3" */ = {
			isa = XCConfigurationList;
			buildConfigurations = (
				D70A5D7023BB18BA006904A9 /* Debug */,
				D70A5D7123BB18BA006904A9 /* Release */,
			);
			defaultConfigurationIsVisible = 0;
			defaultConfigurationName = Release;
		};
		D70A5D7223BB18BA006904A9 /* Build configuration list for PBXNativeTarget "MVVM-3" */ = {
			isa = XCConfigurationList;
			buildConfigurations = (
				D70A5D7323BB18BA006904A9 /* Debug */,
				D70A5D7423BB18BA006904A9 /* Release */,
			);
			defaultConfigurationIsVisible = 0;
			defaultConfigurationName = Release;
		};
/* End XCConfigurationList section */
	};
	rootObject = D70A5D5623BB18B8006904A9 /* Project object */;
}
